
Microsoft Visual Studio Solution File, Format Version 12.00
# Visual Studio 15
VisualStudioVersion = 15.0.27428.2002
MinimumVisualStudioVersion = 10.0.40219.1
Project("{9A19103F-16F7-4668-BE54-9A1E7A4F7556}") = "SnappyPhone", "SnappyPhone\SnappyPhone.csproj", "{B1EA0BE6-26C3-4CF7-BFE8-893809B1804C}"
EndProject
Global
	GlobalSection(SolutionConfigurationPlatforms) = preSolution
		Debug|Any CPU = Debug|Any CPU
		Release|Any CPU = Release|Any CPU
	EndGlobalSection
	GlobalSection(ProjectConfigurationPlatforms) = postSolution
		{B1EA0BE6-26C3-4CF7-BFE8-893809B1804C}.Debug|Any CPU.ActiveCfg = Debug|Any CPU
		{B1EA0BE6-26C3-4CF7-BFE8-893809B1804C}.Debug|Any CPU.Build.0 = Debug|Any CPU
		{B1EA0BE6-26C3-4CF7-BFE8-893809B1804C}.Release|Any CPU.ActiveCfg = Release|Any CPU
		{B1EA0BE6-26C3-4CF7-BFE8-893809B1804C}.Release|Any CPU.Build.0 = Release|Any CPU
	EndGlobalSection
	GlobalSection(SolutionProperties) = preSolution
		HideSolutionNode = FALSE
	EndGlobalSection
	GlobalSection(ExtensibilityGlobals) = postSolution
		SolutionGuid = {4A5EA2DD-F303-46F1-9920-5831C8C0758B}
	EndGlobalSection
EndGlobal
