
Microsoft Visual Studio Solution File, Format Version 12.00
# Visual Studio 15
VisualStudioVersion = 15.0.27428.2002
MinimumVisualStudioVersion = 10.0.40219.1
Project("{8BC9CEB8-8B4A-11D0-8D11-00A0C91BC942}") = "MPI Sum", "MPI Sum\MPI Sum.vcxproj", "{A79003F1-370C-4707-9CB7-7649985EB841}"
EndProject
Global
	GlobalSection(SolutionConfigurationPlatforms) = preSolution
		Debug|x64 = Debug|x64
		Debug|x86 = Debug|x86
		Release|x64 = Release|x64
		Release|x86 = Release|x86
	EndGlobalSection
	GlobalSection(ProjectConfigurationPlatforms) = postSolution
		{A79003F1-370C-4707-9CB7-7649985EB841}.Debug|x64.ActiveCfg = Debug|x64
		{A79003F1-370C-4707-9CB7-7649985EB841}.Debug|x64.Build.0 = Debug|x64
		{A79003F1-370C-4707-9CB7-7649985EB841}.Debug|x86.ActiveCfg = Debug|Win32
		{A79003F1-370C-4707-9CB7-7649985EB841}.Debug|x86.Build.0 = Debug|Win32
		{A79003F1-370C-4707-9CB7-7649985EB841}.Release|x64.ActiveCfg = Release|x64
		{A79003F1-370C-4707-9CB7-7649985EB841}.Release|x64.Build.0 = Release|x64
		{A79003F1-370C-4707-9CB7-7649985EB841}.Release|x86.ActiveCfg = Release|Win32
		{A79003F1-370C-4707-9CB7-7649985EB841}.Release|x86.Build.0 = Release|Win32
	EndGlobalSection
	GlobalSection(SolutionProperties) = preSolution
		HideSolutionNode = FALSE
	EndGlobalSection
	GlobalSection(ExtensibilityGlobals) = postSolution
		SolutionGuid = {683E7263-DE07-424E-827C-B110C46E3C97}
	EndGlobalSection
EndGlobal
